# This file is automatically @generated by Cargo.
# It is not intended for manual editing.
[[package]]
name = "nimotsu"
version = "0.1.0"
dependencies = [
 "subtle",
]

[[package]]
name = "subtle"
version = "2.4.0"
source = "registry+https://github.com/rust-lang/crates.io-index"
checksum = "1e81da0851ada1f3e9d4312c704aa4f8806f0f9d69faaf8df2f3464b4a9437c2"
